
Microsoft Visual Studio Solution File, Format Version 12.00
# Visual Studio Version 17
VisualStudioVersion = 17.4.33205.214
MinimumVisualStudioVersion = 10.0.40219.1
Project("{FAE04EC0-301F-11D3-BF4B-00C04F79EFBC}") = "DeepMavawala.Ecommerce", "DeepMavawala.Ecommerce\DeepMavawala.Ecommerce.csproj", "{592D0E6B-EF2A-4585-AF21-DD484DF43342}"
EndProject
Global
	GlobalSection(SolutionConfigurationPlatforms) = preSolution
		Debug|Any CPU = Debug|Any CPU
		Release|Any CPU = Release|Any CPU
	EndGlobalSection
	GlobalSection(ProjectConfigurationPlatforms) = postSolution
		{592D0E6B-EF2A-4585-AF21-DD484DF43342}.Debug|Any CPU.ActiveCfg = Debug|Any CPU
		{592D0E6B-EF2A-4585-AF21-DD484DF43342}.Debug|Any CPU.Build.0 = Debug|Any CPU
		{592D0E6B-EF2A-4585-AF21-DD484DF43342}.Release|Any CPU.ActiveCfg = Release|Any CPU
		{592D0E6B-EF2A-4585-AF21-DD484DF43342}.Release|Any CPU.Build.0 = Release|Any CPU
	EndGlobalSection
	GlobalSection(SolutionProperties) = preSolution
		HideSolutionNode = FALSE
	EndGlobalSection
	GlobalSection(ExtensibilityGlobals) = postSolution
		SolutionGuid = {CC97DF71-7AA6-4868-A561-29EB1BA23B43}
	EndGlobalSection
EndGlobal
